
Microsoft Visual Studio Solution File, Format Version 12.00
# Visual Studio Version 16
VisualStudioVersion = 16.0.31624.102
MinimumVisualStudioVersion = 10.0.40219.1
Project("{FAE04EC0-301F-11D3-BF4B-00C04F79EFBC}") = "Math", "Math\Math.csproj", "{D12C57F3-F9D0-48F3-8B03-41501CA263E6}"
EndProject
Project("{FAE04EC0-301F-11D3-BF4B-00C04F79EFBC}") = "Calculator", "Calculator\Calculator.csproj", "{C87235D2-F11E-4CA6-BDB4-F90D5950BAE8}"
EndProject
Global
	GlobalSection(SolutionConfigurationPlatforms) = preSolution
		Debug|Any CPU = Debug|Any CPU
		Release|Any CPU = Release|Any CPU
	EndGlobalSection
	GlobalSection(ProjectConfigurationPlatforms) = postSolution
		{D12C57F3-F9D0-48F3-8B03-41501CA263E6}.Debug|Any CPU.ActiveCfg = Debug|Any CPU
		{D12C57F3-F9D0-48F3-8B03-41501CA263E6}.Debug|Any CPU.Build.0 = Debug|Any CPU
		{D12C57F3-F9D0-48F3-8B03-41501CA263E6}.Release|Any CPU.ActiveCfg = Release|Any CPU
		{D12C57F3-F9D0-48F3-8B03-41501CA263E6}.Release|Any CPU.Build.0 = Release|Any CPU
		{C87235D2-F11E-4CA6-BDB4-F90D5950BAE8}.Debug|Any CPU.ActiveCfg = Debug|Any CPU
		{C87235D2-F11E-4CA6-BDB4-F90D5950BAE8}.Debug|Any CPU.Build.0 = Debug|Any CPU
		{C87235D2-F11E-4CA6-BDB4-F90D5950BAE8}.Release|Any CPU.ActiveCfg = Release|Any CPU
		{C87235D2-F11E-4CA6-BDB4-F90D5950BAE8}.Release|Any CPU.Build.0 = Release|Any CPU
	EndGlobalSection
	GlobalSection(SolutionProperties) = preSolution
		HideSolutionNode = FALSE
	EndGlobalSection
	GlobalSection(ExtensibilityGlobals) = postSolution
		SolutionGuid = {A1B694E8-16F6-45FF-8EEB-071DD630CA05}
	EndGlobalSection
EndGlobal
